
Microsoft Visual Studio Solution File, Format Version 12.00
# Visual Studio 15
VisualStudioVersion = 15.0.28307.329
MinimumVisualStudioVersion = 10.0.40219.1
Project("{FAE04EC0-301F-11D3-BF4B-00C04F79EFBC}") = "BusinessRuleManagement", "BusinessRuleManagement\BusinessRuleManagement.csproj", "{39D8D013-05E9-4FFF-BBCE-7EC6C8D1475C}"
EndProject
Project("{FAE04EC0-301F-11D3-BF4B-00C04F79EFBC}") = "BusinessEngineTestProject", "BusinessEngineTestProject\BusinessEngineTestProject.csproj", "{DC871558-F956-4C3C-B396-DEDBAB1E1BCB}"
EndProject
Global
	GlobalSection(SolutionConfigurationPlatforms) = preSolution
		Debug|Any CPU = Debug|Any CPU
		Release|Any CPU = Release|Any CPU
	EndGlobalSection
	GlobalSection(ProjectConfigurationPlatforms) = postSolution
		{39D8D013-05E9-4FFF-BBCE-7EC6C8D1475C}.Debug|Any CPU.ActiveCfg = Debug|Any CPU
		{39D8D013-05E9-4FFF-BBCE-7EC6C8D1475C}.Debug|Any CPU.Build.0 = Debug|Any CPU
		{39D8D013-05E9-4FFF-BBCE-7EC6C8D1475C}.Release|Any CPU.ActiveCfg = Release|Any CPU
		{39D8D013-05E9-4FFF-BBCE-7EC6C8D1475C}.Release|Any CPU.Build.0 = Release|Any CPU
		{DC871558-F956-4C3C-B396-DEDBAB1E1BCB}.Debug|Any CPU.ActiveCfg = Debug|Any CPU
		{DC871558-F956-4C3C-B396-DEDBAB1E1BCB}.Debug|Any CPU.Build.0 = Debug|Any CPU
		{DC871558-F956-4C3C-B396-DEDBAB1E1BCB}.Release|Any CPU.ActiveCfg = Release|Any CPU
		{DC871558-F956-4C3C-B396-DEDBAB1E1BCB}.Release|Any CPU.Build.0 = Release|Any CPU
	EndGlobalSection
	GlobalSection(SolutionProperties) = preSolution
		HideSolutionNode = FALSE
	EndGlobalSection
	GlobalSection(ExtensibilityGlobals) = postSolution
		SolutionGuid = {A8B3754C-04D0-4953-B4A3-19BA240E723D}
	EndGlobalSection
EndGlobal
